
Microsoft Visual Studio Solution File, Format Version 12.00
# Visual Studio 2012
Project("{FAE04EC0-301F-11D3-BF4B-00C04F79EFBC}") = "PuckControl", "PuckControl\PuckControl.csproj", "{5824EF94-E2B0-4F1A-A770-E0C8038F68CE}"
EndProject
Project("{2150E333-8FDC-42A3-9474-1A3956D46DE8}") = "Solution Items", "Solution Items", "{EF397DC4-2C74-43CD-95FD-04F2C6B2BF49}"
	ProjectSection(SolutionItems) = preProject
		..\..\..\Google Drive\Settings Files\Custom.ruleset = ..\..\..\Google Drive\Settings Files\Custom.ruleset
		CustomDictionary.xml = CustomDictionary.xml
		Performance1.psess = Performance1.psess
		READ_ME.txt = READ_ME.txt
	EndProjectSection
EndProject
Project("{FAE04EC0-301F-11D3-BF4B-00C04F79EFBC}") = "PuckControl.Domain", "PuckControl.Domain\PuckControl.Domain.csproj", "{1E4FAE78-59BE-447A-B9C8-70BB922E3523}"
EndProject
Project("{FAE04EC0-301F-11D3-BF4B-00C04F79EFBC}") = "PuckControl.Games", "PuckControl.Games\PuckControl.Games.csproj", "{044A3897-1327-4E37-9F69-0E67EBB23A3B}"
EndProject
Project("{6141683F-8A12-4E36-9623-2EB02B2C2303}") = "PuckControl.Install", "PuckControl.Install\PuckControl.Install.isproj", "{401B3181-6A19-40DA-9B8D-A67F73681432}"
	ProjectSection(ProjectDependencies) = postProject
		{23E03D21-1D7B-4FF7-938C-54888D459E81} = {23E03D21-1D7B-4FF7-938C-54888D459E81}
		{80189271-047E-4FE3-8410-647991151110} = {80189271-047E-4FE3-8410-647991151110}
		{1E4FAE78-59BE-447A-B9C8-70BB922E3523} = {1E4FAE78-59BE-447A-B9C8-70BB922E3523}
		{8DF9A590-8182-4957-BD85-9D3EFF5D3AC7} = {8DF9A590-8182-4957-BD85-9D3EFF5D3AC7}
		{5824EF94-E2B0-4F1A-A770-E0C8038F68CE} = {5824EF94-E2B0-4F1A-A770-E0C8038F68CE}
		{044A3897-1327-4E37-9F69-0E67EBB23A3B} = {044A3897-1327-4E37-9F69-0E67EBB23A3B}
		{B5A6ECC0-776F-4D7D-8C26-DEB62B7131F1} = {B5A6ECC0-776F-4D7D-8C26-DEB62B7131F1}
	EndProjectSection
EndProject
Project("{FAE04EC0-301F-11D3-BF4B-00C04F79EFBC}") = "PuckControl.Engine", "PuckControl.Engine\PuckControl.Engine.csproj", "{23E03D21-1D7B-4FF7-938C-54888D459E81}"
EndProject
Project("{2150E333-8FDC-42A3-9474-1A3956D46DE8}") = ".nuget", ".nuget", "{C37DDA7F-50D5-4762-B653-360C9DF3AAD9}"
	ProjectSection(SolutionItems) = preProject
		.nuget\NuGet.Config = .nuget\NuGet.Config
		.nuget\NuGet.exe = .nuget\NuGet.exe
		.nuget\NuGet.targets = .nuget\NuGet.targets
	EndProjectSection
EndProject
Project("{FAE04EC0-301F-11D3-BF4B-00C04F79EFBC}") = "PuckControl.Test", "PuckControl.Test\PuckControl.Test.csproj", "{8FD6B056-A271-4694-A1DB-833BD8D515C4}"
EndProject
Project("{FAE04EC0-301F-11D3-BF4B-00C04F79EFBC}") = "PuckControl.BlobTracking", "PuckControl.BlobTracking\PuckControl.BlobTracking.csproj", "{80189271-047E-4FE3-8410-647991151110}"
EndProject
Project("{FAE04EC0-301F-11D3-BF4B-00C04F79EFBC}") = "PuckControl.Scoring", "PuckControl.Score\PuckControl.Scoring.csproj", "{8DF9A590-8182-4957-BD85-9D3EFF5D3AC7}"
EndProject
Project("{FAE04EC0-301F-11D3-BF4B-00C04F79EFBC}") = "PuckControl.Users", "PuckControl.UserManager\PuckControl.Users.csproj", "{F6345071-9375-449C-B7DA-BA5E6BD50568}"
EndProject
Project("{FAE04EC0-301F-11D3-BF4B-00C04F79EFBC}") = "PuckControl.Data.Dat", "PuckControl.Data.File\PuckControl.Data.Dat.csproj", "{F68AC624-304D-44D3-8979-5EC887EF43F7}"
EndProject
Project("{FAE04EC0-301F-11D3-BF4B-00C04F79EFBC}") = "PuckControl.Data.CE", "PuckControl.Data.CE\PuckControl.Data.CE.csproj", "{B5A6ECC0-776F-4D7D-8C26-DEB62B7131F1}"
EndProject
Global
	GlobalSection(SolutionConfigurationPlatforms) = preSolution
		CD_ROM|Any CPU = CD_ROM|Any CPU
		Debug|Any CPU = Debug|Any CPU
		DVD-5|Any CPU = DVD-5|Any CPU
		Release|Any CPU = Release|Any CPU
		SingleImage|Any CPU = SingleImage|Any CPU
	EndGlobalSection
	GlobalSection(ProjectConfigurationPlatforms) = postSolution
		{5824EF94-E2B0-4F1A-A770-E0C8038F68CE}.CD_ROM|Any CPU.ActiveCfg = Release|Any CPU
		{5824EF94-E2B0-4F1A-A770-E0C8038F68CE}.CD_ROM|Any CPU.Build.0 = Release|Any CPU
		{5824EF94-E2B0-4F1A-A770-E0C8038F68CE}.Debug|Any CPU.ActiveCfg = Debug|Any CPU
		{5824EF94-E2B0-4F1A-A770-E0C8038F68CE}.Debug|Any CPU.Build.0 = Debug|Any CPU
		{5824EF94-E2B0-4F1A-A770-E0C8038F68CE}.DVD-5|Any CPU.ActiveCfg = Debug|Any CPU
		{5824EF94-E2B0-4F1A-A770-E0C8038F68CE}.DVD-5|Any CPU.Build.0 = Debug|Any CPU
		{5824EF94-E2B0-4F1A-A770-E0C8038F68CE}.Release|Any CPU.ActiveCfg = Release|Any CPU
		{5824EF94-E2B0-4F1A-A770-E0C8038F68CE}.Release|Any CPU.Build.0 = Release|Any CPU
		{5824EF94-E2B0-4F1A-A770-E0C8038F68CE}.SingleImage|Any CPU.ActiveCfg = Release|Any CPU
		{5824EF94-E2B0-4F1A-A770-E0C8038F68CE}.SingleImage|Any CPU.Build.0 = Release|Any CPU
		{1E4FAE78-59BE-447A-B9C8-70BB922E3523}.CD_ROM|Any CPU.ActiveCfg = Release|Any CPU
		{1E4FAE78-59BE-447A-B9C8-70BB922E3523}.CD_ROM|Any CPU.Build.0 = Release|Any CPU
		{1E4FAE78-59BE-447A-B9C8-70BB922E3523}.Debug|Any CPU.ActiveCfg = Debug|Any CPU
		{1E4FAE78-59BE-447A-B9C8-70BB922E3523}.Debug|Any CPU.Build.0 = Debug|Any CPU
		{1E4FAE78-59BE-447A-B9C8-70BB922E3523}.DVD-5|Any CPU.ActiveCfg = Debug|Any CPU
		{1E4FAE78-59BE-447A-B9C8-70BB922E3523}.DVD-5|Any CPU.Build.0 = Debug|Any CPU
		{1E4FAE78-59BE-447A-B9C8-70BB922E3523}.Release|Any CPU.ActiveCfg = Release|Any CPU
		{1E4FAE78-59BE-447A-B9C8-70BB922E3523}.Release|Any CPU.Build.0 = Release|Any CPU
		{1E4FAE78-59BE-447A-B9C8-70BB922E3523}.SingleImage|Any CPU.ActiveCfg = Release|Any CPU
		{1E4FAE78-59BE-447A-B9C8-70BB922E3523}.SingleImage|Any CPU.Build.0 = Release|Any CPU
		{044A3897-1327-4E37-9F69-0E67EBB23A3B}.CD_ROM|Any CPU.ActiveCfg = Release|Any CPU
		{044A3897-1327-4E37-9F69-0E67EBB23A3B}.CD_ROM|Any CPU.Build.0 = Release|Any CPU
		{044A3897-1327-4E37-9F69-0E67EBB23A3B}.Debug|Any CPU.ActiveCfg = Debug|Any CPU
		{044A3897-1327-4E37-9F69-0E67EBB23A3B}.Debug|Any CPU.Build.0 = Debug|Any CPU
		{044A3897-1327-4E37-9F69-0E67EBB23A3B}.DVD-5|Any CPU.ActiveCfg = Debug|Any CPU
		{044A3897-1327-4E37-9F69-0E67EBB23A3B}.DVD-5|Any CPU.Build.0 = Debug|Any CPU
		{044A3897-1327-4E37-9F69-0E67EBB23A3B}.Release|Any CPU.ActiveCfg = Release|Any CPU
		{044A3897-1327-4E37-9F69-0E67EBB23A3B}.Release|Any CPU.Build.0 = Release|Any CPU
		{044A3897-1327-4E37-9F69-0E67EBB23A3B}.SingleImage|Any CPU.ActiveCfg = Release|Any CPU
		{044A3897-1327-4E37-9F69-0E67EBB23A3B}.SingleImage|Any CPU.Build.0 = Release|Any CPU
		{401B3181-6A19-40DA-9B8D-A67F73681432}.CD_ROM|Any CPU.ActiveCfg = CD_ROM
		{401B3181-6A19-40DA-9B8D-A67F73681432}.CD_ROM|Any CPU.Build.0 = CD_ROM
		{401B3181-6A19-40DA-9B8D-A67F73681432}.Debug|Any CPU.ActiveCfg = SingleImage
		{401B3181-6A19-40DA-9B8D-A67F73681432}.DVD-5|Any CPU.ActiveCfg = DVD-5
		{401B3181-6A19-40DA-9B8D-A67F73681432}.DVD-5|Any CPU.Build.0 = DVD-5
		{401B3181-6A19-40DA-9B8D-A67F73681432}.Release|Any CPU.ActiveCfg = SingleImage
		{401B3181-6A19-40DA-9B8D-A67F73681432}.SingleImage|Any CPU.ActiveCfg = SingleImage
		{401B3181-6A19-40DA-9B8D-A67F73681432}.SingleImage|Any CPU.Build.0 = SingleImage
		{23E03D21-1D7B-4FF7-938C-54888D459E81}.CD_ROM|Any CPU.ActiveCfg = Release|Any CPU
		{23E03D21-1D7B-4FF7-938C-54888D459E81}.CD_ROM|Any CPU.Build.0 = Release|Any CPU
		{23E03D21-1D7B-4FF7-938C-54888D459E81}.Debug|Any CPU.ActiveCfg = Debug|Any CPU
		{23E03D21-1D7B-4FF7-938C-54888D459E81}.Debug|Any CPU.Build.0 = Debug|Any CPU
		{23E03D21-1D7B-4FF7-938C-54888D459E81}.DVD-5|Any CPU.ActiveCfg = Debug|Any CPU
		{23E03D21-1D7B-4FF7-938C-54888D459E81}.DVD-5|Any CPU.Build.0 = Debug|Any CPU
		{23E03D21-1D7B-4FF7-938C-54888D459E81}.Release|Any CPU.ActiveCfg = Release|Any CPU
		{23E03D21-1D7B-4FF7-938C-54888D459E81}.Release|Any CPU.Build.0 = Release|Any CPU
		{23E03D21-1D7B-4FF7-938C-54888D459E81}.SingleImage|Any CPU.ActiveCfg = Release|Any CPU
		{23E03D21-1D7B-4FF7-938C-54888D459E81}.SingleImage|Any CPU.Build.0 = Release|Any CPU
		{8FD6B056-A271-4694-A1DB-833BD8D515C4}.CD_ROM|Any CPU.ActiveCfg = Release|Any CPU
		{8FD6B056-A271-4694-A1DB-833BD8D515C4}.CD_ROM|Any CPU.Build.0 = Release|Any CPU
		{8FD6B056-A271-4694-A1DB-833BD8D515C4}.Debug|Any CPU.ActiveCfg = Debug|Any CPU
		{8FD6B056-A271-4694-A1DB-833BD8D515C4}.Debug|Any CPU.Build.0 = Debug|Any CPU
		{8FD6B056-A271-4694-A1DB-833BD8D515C4}.DVD-5|Any CPU.ActiveCfg = Debug|Any CPU
		{8FD6B056-A271-4694-A1DB-833BD8D515C4}.DVD-5|Any CPU.Build.0 = Debug|Any CPU
		{8FD6B056-A271-4694-A1DB-833BD8D515C4}.Release|Any CPU.ActiveCfg = Release|Any CPU
		{8FD6B056-A271-4694-A1DB-833BD8D515C4}.Release|Any CPU.Build.0 = Release|Any CPU
		{8FD6B056-A271-4694-A1DB-833BD8D515C4}.SingleImage|Any CPU.ActiveCfg = Release|Any CPU
		{8FD6B056-A271-4694-A1DB-833BD8D515C4}.SingleImage|Any CPU.Build.0 = Release|Any CPU
		{80189271-047E-4FE3-8410-647991151110}.CD_ROM|Any CPU.ActiveCfg = Release|Any CPU
		{80189271-047E-4FE3-8410-647991151110}.CD_ROM|Any CPU.Build.0 = Release|Any CPU
		{80189271-047E-4FE3-8410-647991151110}.Debug|Any CPU.ActiveCfg = Debug|Any CPU
		{80189271-047E-4FE3-8410-647991151110}.Debug|Any CPU.Build.0 = Debug|Any CPU
		{80189271-047E-4FE3-8410-647991151110}.DVD-5|Any CPU.ActiveCfg = Debug|Any CPU
		{80189271-047E-4FE3-8410-647991151110}.DVD-5|Any CPU.Build.0 = Debug|Any CPU
		{80189271-047E-4FE3-8410-647991151110}.Release|Any CPU.ActiveCfg = Release|Any CPU
		{80189271-047E-4FE3-8410-647991151110}.Release|Any CPU.Build.0 = Release|Any CPU
		{80189271-047E-4FE3-8410-647991151110}.SingleImage|Any CPU.ActiveCfg = Release|Any CPU
		{80189271-047E-4FE3-8410-647991151110}.SingleImage|Any CPU.Build.0 = Release|Any CPU
		{8DF9A590-8182-4957-BD85-9D3EFF5D3AC7}.CD_ROM|Any CPU.ActiveCfg = Release|Any CPU
		{8DF9A590-8182-4957-BD85-9D3EFF5D3AC7}.CD_ROM|Any CPU.Build.0 = Release|Any CPU
		{8DF9A590-8182-4957-BD85-9D3EFF5D3AC7}.Debug|Any CPU.ActiveCfg = Debug|Any CPU
		{8DF9A590-8182-4957-BD85-9D3EFF5D3AC7}.Debug|Any CPU.Build.0 = Debug|Any CPU
		{8DF9A590-8182-4957-BD85-9D3EFF5D3AC7}.DVD-5|Any CPU.ActiveCfg = Debug|Any CPU
		{8DF9A590-8182-4957-BD85-9D3EFF5D3AC7}.DVD-5|Any CPU.Build.0 = Debug|Any CPU
		{8DF9A590-8182-4957-BD85-9D3EFF5D3AC7}.Release|Any CPU.ActiveCfg = Release|Any CPU
		{8DF9A590-8182-4957-BD85-9D3EFF5D3AC7}.Release|Any CPU.Build.0 = Release|Any CPU
		{8DF9A590-8182-4957-BD85-9D3EFF5D3AC7}.SingleImage|Any CPU.ActiveCfg = Release|Any CPU
		{8DF9A590-8182-4957-BD85-9D3EFF5D3AC7}.SingleImage|Any CPU.Build.0 = Release|Any CPU
		{F6345071-9375-449C-B7DA-BA5E6BD50568}.CD_ROM|Any CPU.ActiveCfg = Release|Any CPU
		{F6345071-9375-449C-B7DA-BA5E6BD50568}.CD_ROM|Any CPU.Build.0 = Release|Any CPU
		{F6345071-9375-449C-B7DA-BA5E6BD50568}.Debug|Any CPU.ActiveCfg = Debug|Any CPU
		{F6345071-9375-449C-B7DA-BA5E6BD50568}.Debug|Any CPU.Build.0 = Debug|Any CPU
		{F6345071-9375-449C-B7DA-BA5E6BD50568}.DVD-5|Any CPU.ActiveCfg = Debug|Any CPU
		{F6345071-9375-449C-B7DA-BA5E6BD50568}.DVD-5|Any CPU.Build.0 = Debug|Any CPU
		{F6345071-9375-449C-B7DA-BA5E6BD50568}.Release|Any CPU.ActiveCfg = Release|Any CPU
		{F6345071-9375-449C-B7DA-BA5E6BD50568}.Release|Any CPU.Build.0 = Release|Any CPU
		{F6345071-9375-449C-B7DA-BA5E6BD50568}.SingleImage|Any CPU.ActiveCfg = Release|Any CPU
		{F6345071-9375-449C-B7DA-BA5E6BD50568}.SingleImage|Any CPU.Build.0 = Release|Any CPU
		{F68AC624-304D-44D3-8979-5EC887EF43F7}.CD_ROM|Any CPU.ActiveCfg = Release|Any CPU
		{F68AC624-304D-44D3-8979-5EC887EF43F7}.CD_ROM|Any CPU.Build.0 = Release|Any CPU
		{F68AC624-304D-44D3-8979-5EC887EF43F7}.Debug|Any CPU.ActiveCfg = Debug|Any CPU
		{F68AC624-304D-44D3-8979-5EC887EF43F7}.Debug|Any CPU.Build.0 = Debug|Any CPU
		{F68AC624-304D-44D3-8979-5EC887EF43F7}.DVD-5|Any CPU.ActiveCfg = Debug|Any CPU
		{F68AC624-304D-44D3-8979-5EC887EF43F7}.DVD-5|Any CPU.Build.0 = Debug|Any CPU
		{F68AC624-304D-44D3-8979-5EC887EF43F7}.Release|Any CPU.ActiveCfg = Release|Any CPU
		{F68AC624-304D-44D3-8979-5EC887EF43F7}.Release|Any CPU.Build.0 = Release|Any CPU
		{F68AC624-304D-44D3-8979-5EC887EF43F7}.SingleImage|Any CPU.ActiveCfg = Release|Any CPU
		{F68AC624-304D-44D3-8979-5EC887EF43F7}.SingleImage|Any CPU.Build.0 = Release|Any CPU
		{B5A6ECC0-776F-4D7D-8C26-DEB62B7131F1}.CD_ROM|Any CPU.ActiveCfg = Release|Any CPU
		{B5A6ECC0-776F-4D7D-8C26-DEB62B7131F1}.CD_ROM|Any CPU.Build.0 = Release|Any CPU
		{B5A6ECC0-776F-4D7D-8C26-DEB62B7131F1}.Debug|Any CPU.ActiveCfg = Debug|Any CPU
		{B5A6ECC0-776F-4D7D-8C26-DEB62B7131F1}.Debug|Any CPU.Build.0 = Debug|Any CPU
		{B5A6ECC0-776F-4D7D-8C26-DEB62B7131F1}.DVD-5|Any CPU.ActiveCfg = Debug|Any CPU
		{B5A6ECC0-776F-4D7D-8C26-DEB62B7131F1}.DVD-5|Any CPU.Build.0 = Debug|Any CPU
		{B5A6ECC0-776F-4D7D-8C26-DEB62B7131F1}.Release|Any CPU.ActiveCfg = Release|Any CPU
		{B5A6ECC0-776F-4D7D-8C26-DEB62B7131F1}.Release|Any CPU.Build.0 = Release|Any CPU
		{B5A6ECC0-776F-4D7D-8C26-DEB62B7131F1}.SingleImage|Any CPU.ActiveCfg = Release|Any CPU
		{B5A6ECC0-776F-4D7D-8C26-DEB62B7131F1}.SingleImage|Any CPU.Build.0 = Release|Any CPU
	EndGlobalSection
	GlobalSection(SolutionProperties) = preSolution
		HideSolutionNode = FALSE
	EndGlobalSection
EndGlobal
